
Microsoft Visual Studio Solution File, Format Version 12.00
# Visual Studio Version 16
VisualStudioVersion = 16.0.31702.278
MinimumVisualStudioVersion = 10.0.40219.1
Project("{FAE04EC0-301F-11D3-BF4B-00C04F79EFBC}") = "C-Task-CR-1.1", "C-Task-CR-1.1\C-Task-CR-1.1.csproj", "{1CEA77C9-603C-461F-AA66-1BF3DA2CE7E5}"
EndProject
Global
	GlobalSection(SolutionConfigurationPlatforms) = preSolution
		Debug|Any CPU = Debug|Any CPU
		Release|Any CPU = Release|Any CPU
	EndGlobalSection
	GlobalSection(ProjectConfigurationPlatforms) = postSolution
		{1CEA77C9-603C-461F-AA66-1BF3DA2CE7E5}.Debug|Any CPU.ActiveCfg = Debug|Any CPU
		{1CEA77C9-603C-461F-AA66-1BF3DA2CE7E5}.Debug|Any CPU.Build.0 = Debug|Any CPU
		{1CEA77C9-603C-461F-AA66-1BF3DA2CE7E5}.Release|Any CPU.ActiveCfg = Release|Any CPU
		{1CEA77C9-603C-461F-AA66-1BF3DA2CE7E5}.Release|Any CPU.Build.0 = Release|Any CPU
	EndGlobalSection
	GlobalSection(SolutionProperties) = preSolution
		HideSolutionNode = FALSE
	EndGlobalSection
	GlobalSection(ExtensibilityGlobals) = postSolution
		SolutionGuid = {B02082F9-7CE8-4CF5-A794-922084F3F916}
	EndGlobalSection
EndGlobal
